
Microsoft Visual Studio Solution File, Format Version 12.00
# Visual Studio 2012
Project("{FAE04EC0-301F-11D3-BF4B-00C04F79EFBC}") = "Hygeia1", "Hygeia1\Hygeia1.csproj", "{78FF6B3E-06C0-4B7C-AB68-5BB0D8ACB43A}"
EndProject
Global
	GlobalSection(SolutionConfigurationPlatforms) = preSolution
		Debug|Any CPU = Debug|Any CPU
		Release|Any CPU = Release|Any CPU
	EndGlobalSection
	GlobalSection(ProjectConfigurationPlatforms) = postSolution
		{78FF6B3E-06C0-4B7C-AB68-5BB0D8ACB43A}.Debug|Any CPU.ActiveCfg = Debug|Any CPU
		{78FF6B3E-06C0-4B7C-AB68-5BB0D8ACB43A}.Debug|Any CPU.Build.0 = Debug|Any CPU
		{78FF6B3E-06C0-4B7C-AB68-5BB0D8ACB43A}.Release|Any CPU.ActiveCfg = Release|Any CPU
		{78FF6B3E-06C0-4B7C-AB68-5BB0D8ACB43A}.Release|Any CPU.Build.0 = Release|Any CPU
	EndGlobalSection
	GlobalSection(SolutionProperties) = preSolution
		HideSolutionNode = FALSE
	EndGlobalSection
EndGlobal
